
Microsoft Visual Studio Solution File, Format Version 12.00
# Visual Studio Version 16
VisualStudioVersion = 16.0.31205.134
MinimumVisualStudioVersion = 10.0.40219.1
Project("{FAE04EC0-301F-11D3-BF4B-00C04F79EFBC}") = "Entities", "Entities\Entities.csproj", "{75469A7A-E674-4DA1-BC65-7A03010CF6EC}"
EndProject
Project("{FAE04EC0-301F-11D3-BF4B-00C04F79EFBC}") = "DataAccess", "DataAccess\DataAccess.csproj", "{02AE1CAC-F98C-4C6B-942A-31701538AFCB}"
EndProject
Project("{FAE04EC0-301F-11D3-BF4B-00C04F79EFBC}") = "Service", "Service\Service.csproj", "{1439168E-138D-4DD7-A599-6204D2275BFE}"
EndProject
Project("{FAE04EC0-301F-11D3-BF4B-00C04F79EFBC}") = "Web", "Web\Web.csproj", "{3D85AF27-599F-428A-8D0E-593D10E8349C}"
EndProject
Global
	GlobalSection(SolutionConfigurationPlatforms) = preSolution
		Debug|Any CPU = Debug|Any CPU
		Release|Any CPU = Release|Any CPU
	EndGlobalSection
	GlobalSection(ProjectConfigurationPlatforms) = postSolution
		{75469A7A-E674-4DA1-BC65-7A03010CF6EC}.Debug|Any CPU.ActiveCfg = Debug|Any CPU
		{75469A7A-E674-4DA1-BC65-7A03010CF6EC}.Debug|Any CPU.Build.0 = Debug|Any CPU
		{75469A7A-E674-4DA1-BC65-7A03010CF6EC}.Release|Any CPU.ActiveCfg = Release|Any CPU
		{75469A7A-E674-4DA1-BC65-7A03010CF6EC}.Release|Any CPU.Build.0 = Release|Any CPU
		{02AE1CAC-F98C-4C6B-942A-31701538AFCB}.Debug|Any CPU.ActiveCfg = Debug|Any CPU
		{02AE1CAC-F98C-4C6B-942A-31701538AFCB}.Debug|Any CPU.Build.0 = Debug|Any CPU
		{02AE1CAC-F98C-4C6B-942A-31701538AFCB}.Release|Any CPU.ActiveCfg = Release|Any CPU
		{02AE1CAC-F98C-4C6B-942A-31701538AFCB}.Release|Any CPU.Build.0 = Release|Any CPU
		{1439168E-138D-4DD7-A599-6204D2275BFE}.Debug|Any CPU.ActiveCfg = Debug|Any CPU
		{1439168E-138D-4DD7-A599-6204D2275BFE}.Debug|Any CPU.Build.0 = Debug|Any CPU
		{1439168E-138D-4DD7-A599-6204D2275BFE}.Release|Any CPU.ActiveCfg = Release|Any CPU
		{1439168E-138D-4DD7-A599-6204D2275BFE}.Release|Any CPU.Build.0 = Release|Any CPU
		{3D85AF27-599F-428A-8D0E-593D10E8349C}.Debug|Any CPU.ActiveCfg = Debug|Any CPU
		{3D85AF27-599F-428A-8D0E-593D10E8349C}.Debug|Any CPU.Build.0 = Debug|Any CPU
		{3D85AF27-599F-428A-8D0E-593D10E8349C}.Release|Any CPU.ActiveCfg = Release|Any CPU
		{3D85AF27-599F-428A-8D0E-593D10E8349C}.Release|Any CPU.Build.0 = Release|Any CPU
	EndGlobalSection
	GlobalSection(SolutionProperties) = preSolution
		HideSolutionNode = FALSE
	EndGlobalSection
	GlobalSection(ExtensibilityGlobals) = postSolution
		SolutionGuid = {76E0E303-AC5C-4563-94F6-317AA5DA4685}
	EndGlobalSection
EndGlobal
